
Microsoft Visual Studio Solution File, Format Version 12.00
# Visual Studio Version 17
VisualStudioVersion = 17.1.32414.318
MinimumVisualStudioVersion = 10.0.40219.1
Project("{FAE04EC0-301F-11D3-BF4B-00C04F79EFBC}") = "myWebAPI", "myWebAPI.csproj", "{15071E0C-4E28-4A18-B48A-24DFC7ECD004}"
EndProject
Global
	GlobalSection(SolutionConfigurationPlatforms) = preSolution
		Debug|Any CPU = Debug|Any CPU
		Release|Any CPU = Release|Any CPU
	EndGlobalSection
	GlobalSection(ProjectConfigurationPlatforms) = postSolution
		{15071E0C-4E28-4A18-B48A-24DFC7ECD004}.Debug|Any CPU.ActiveCfg = Debug|Any CPU
		{15071E0C-4E28-4A18-B48A-24DFC7ECD004}.Debug|Any CPU.Build.0 = Debug|Any CPU
		{15071E0C-4E28-4A18-B48A-24DFC7ECD004}.Release|Any CPU.ActiveCfg = Release|Any CPU
		{15071E0C-4E28-4A18-B48A-24DFC7ECD004}.Release|Any CPU.Build.0 = Release|Any CPU
	EndGlobalSection
	GlobalSection(SolutionProperties) = preSolution
		HideSolutionNode = FALSE
	EndGlobalSection
	GlobalSection(ExtensibilityGlobals) = postSolution
		SolutionGuid = {C32FE062-5ADB-46B0-B43B-B4923703B987}
	EndGlobalSection
EndGlobal
